
Microsoft Visual Studio Solution File, Format Version 12.00
# Visual Studio 2013
VisualStudioVersion = 12.0.21005.1
MinimumVisualStudioVersion = 10.0.40219.1
Project("{FAE04EC0-301F-11D3-BF4B-00C04F79EFBC}") = "ProgrammingHero", "ProgrammingHero\ProgrammingHero.csproj", "{A8ED5927-ABAA-43B7-A7E3-2A81DE5D8AE2}"
EndProject
Project("{2150E333-8FDC-42A3-9474-1A3956D46DE8}") = "Solution Items", "Solution Items", "{D23E3FD9-532E-4CDE-AE3F-06BF55E59257}"
	ProjectSection(SolutionItems) = preProject
		Script1.js = Script1.js
	EndProjectSection
EndProject
Global
	GlobalSection(SolutionConfigurationPlatforms) = preSolution
		Debug|Any CPU = Debug|Any CPU
		Release|Any CPU = Release|Any CPU
	EndGlobalSection
	GlobalSection(ProjectConfigurationPlatforms) = postSolution
		{A8ED5927-ABAA-43B7-A7E3-2A81DE5D8AE2}.Debug|Any CPU.ActiveCfg = Debug|Any CPU
		{A8ED5927-ABAA-43B7-A7E3-2A81DE5D8AE2}.Debug|Any CPU.Build.0 = Debug|Any CPU
		{A8ED5927-ABAA-43B7-A7E3-2A81DE5D8AE2}.Release|Any CPU.ActiveCfg = Release|Any CPU
		{A8ED5927-ABAA-43B7-A7E3-2A81DE5D8AE2}.Release|Any CPU.Build.0 = Release|Any CPU
	EndGlobalSection
	GlobalSection(SolutionProperties) = preSolution
		HideSolutionNode = FALSE
	EndGlobalSection
EndGlobal
